
Microsoft Visual Studio Solution File, Format Version 12.00
# Visual Studio Version 17
VisualStudioVersion = 17.1.32328.378
MinimumVisualStudioVersion = 10.0.40219.1
Project("{9A19103F-16F7-4668-BE54-9A1E7A4F7556}") = "FlightsLoggerAPI", "FlightsLoggerAPI\FlightsLoggerAPI.csproj", "{89F852B6-1C9E-4DC1-BCAD-A8AB9C926476}"
EndProject
Project("{9A19103F-16F7-4668-BE54-9A1E7A4F7556}") = "KafkaLib", "KafkaLib\KafkaLib.csproj", "{85074CA4-C65E-4BBA-A5DC-EE309675B40F}"
EndProject
Project("{9A19103F-16F7-4668-BE54-9A1E7A4F7556}") = "FlightDBWriter", "FlightDBWriter\FlightDBWriter.csproj", "{B5C0B5A7-AEDF-4FE4-A360-537EA6BEFB18}"
EndProject
Project("{2150E333-8FDC-42A3-9474-1A3956D46DE8}") = "Элементы решения", "Элементы решения", "{B4FBEEF1-A9FE-4659-AC62-4F941917E3E0}"
	ProjectSection(SolutionItems) = preProject
		README.md = README.md
	EndProjectSection
EndProject
Global
	GlobalSection(SolutionConfigurationPlatforms) = preSolution
		Debug|Any CPU = Debug|Any CPU
		Release|Any CPU = Release|Any CPU
	EndGlobalSection
	GlobalSection(ProjectConfigurationPlatforms) = postSolution
		{89F852B6-1C9E-4DC1-BCAD-A8AB9C926476}.Debug|Any CPU.ActiveCfg = Debug|Any CPU
		{89F852B6-1C9E-4DC1-BCAD-A8AB9C926476}.Debug|Any CPU.Build.0 = Debug|Any CPU
		{89F852B6-1C9E-4DC1-BCAD-A8AB9C926476}.Release|Any CPU.ActiveCfg = Release|Any CPU
		{89F852B6-1C9E-4DC1-BCAD-A8AB9C926476}.Release|Any CPU.Build.0 = Release|Any CPU
		{85074CA4-C65E-4BBA-A5DC-EE309675B40F}.Debug|Any CPU.ActiveCfg = Debug|Any CPU
		{85074CA4-C65E-4BBA-A5DC-EE309675B40F}.Debug|Any CPU.Build.0 = Debug|Any CPU
		{85074CA4-C65E-4BBA-A5DC-EE309675B40F}.Release|Any CPU.ActiveCfg = Release|Any CPU
		{85074CA4-C65E-4BBA-A5DC-EE309675B40F}.Release|Any CPU.Build.0 = Release|Any CPU
		{B5C0B5A7-AEDF-4FE4-A360-537EA6BEFB18}.Debug|Any CPU.ActiveCfg = Debug|Any CPU
		{B5C0B5A7-AEDF-4FE4-A360-537EA6BEFB18}.Debug|Any CPU.Build.0 = Debug|Any CPU
		{B5C0B5A7-AEDF-4FE4-A360-537EA6BEFB18}.Release|Any CPU.ActiveCfg = Release|Any CPU
		{B5C0B5A7-AEDF-4FE4-A360-537EA6BEFB18}.Release|Any CPU.Build.0 = Release|Any CPU
	EndGlobalSection
	GlobalSection(SolutionProperties) = preSolution
		HideSolutionNode = FALSE
	EndGlobalSection
	GlobalSection(ExtensibilityGlobals) = postSolution
		SolutionGuid = {62A108BF-00AB-4A1F-B539-826E9831E6CC}
	EndGlobalSection
EndGlobal
